{
  "markbot": "aac73a5f42883afcab3eba3c1f6ec97bf77bf0c640a166c2ca2bc81a6ec6e95a",
  "markbotignore": "030a4e6e1b3b6b510514a7ae54576e2c2ef762d56236c6414ef634955d96a126",
  "index-before-650.png": "7f1ea382cf59592045f04b5c513fb08db616a427eaf27883a751c0f98ba55488",
  "index-after-650.png": "7f1ea382cf59592045f04b5c513fb08db616a427eaf27883a751c0f98ba55488"
}