{
  "markbot": "f5d20baf3bd0436032ab210e5e078a8336a61fd6f3cd17727fe36a04f4e83907",
  "markbotignore": "030a4e6e1b3b6b510514a7ae54576e2c2ef762d56236c6414ef634955d96a126",
  "index-before-960.png": "3f8a07af65826067fb81a0d8cec4bd7fffe5732dc0b5544ca53b15e2432a5e14",
  "index-after-960.png": "dab67fab33bed2e9f467d614287690daf2316dc9f599c2e6c47a9692fabe5ea6"
}