{
  "markbot": "3b9cd1b97371b36242b763136d7bccfc17de8f6a6812c2a9dace5ba008df02e7",
  "markbotignore": "030a4e6e1b3b6b510514a7ae54576e2c2ef762d56236c6414ef634955d96a126",
  "index-before-650.png": "7f1ea382cf59592045f04b5c513fb08db616a427eaf27883a751c0f98ba55488",
  "index-after-650.png": "7f1ea382cf59592045f04b5c513fb08db616a427eaf27883a751c0f98ba55488"
}